<?xml version="1.0" encoding="UTF-8" standalone="yes" ?>
<CodeBlocks_project_file>
	<FileVersion major="1" minor="6" />
	<Project>
		<Option title="TP4" />
		<Option pch_mode="2" />
		<Option compiler="gcc" />
		<Build>
			<Target title="Debug">
				<Option output="bin/debug/TP4" prefix_auto="1" extension_auto="1" />
				<Option object_output="obj/debug/" />
				<Option type="1" />
				<Option compiler="gcc" />
				<Compiler>
					<Add option="-g" />
				</Compiler>
			</Target>
			<Target title="Release">
				<Option output="bin/release/TP4" prefix_auto="1" extension_auto="1" />
				<Option object_output="obj/release/" />
				<Option type="1" />
				<Option compiler="gcc" />
				<Compiler>
					<Add option="-O2" />
				</Compiler>
				<Linker>
					<Add option="-s" />
				</Linker>
			</Target>
		</Build>
		<Compiler>
			<Add option="-Wall" />
		</Compiler>
		<Unit filename="inc/file.h" />
		<Unit filename="inc/l_adj.h" />
		<Unit filename="src/file.c">
			<Option compilerVar="CC" />
		</Unit>
		<Unit filename="src/genere_graphe.c">
			<Option compilerVar="CC" />
		</Unit>
		<Unit filename="src/l_adj.c">
			<Option compilerVar="CC" />
		</Unit>
		<Unit filename="src/parcour_profondeur.c">
			<Option compilerVar="CC" />
		</Unit>
		<Extensions>
			<code_completion />
			<debugger />
		</Extensions>
	</Project>
</CodeBlocks_project_file>
